
Microsoft Visual Studio Solution File, Format Version 12.00
# Visual Studio Version 17
VisualStudioVersion = 17.14.37027.9 d17.14
MinimumVisualStudioVersion = 10.0.40219.1
Project("{FAE04EC0-301F-11D3-BF4B-00C04F79EFBC}") = "StudentHousingTM", "StudentHousingTM.csproj", "{A522152F-714D-4D70-ADC6-2EF5CF109F4E}"
EndProject
Project("{FAE04EC0-301F-11D3-BF4B-00C04F79EFBC}") = "StudentHousingTM_DAL", "..\StudentHousingTM_DAL\StudentHousingTM_DAL.csproj", "{BE6DBD5C-F466-4536-A8CB-1FAA9CDB455D}"
EndProject
Project("{FAE04EC0-301F-11D3-BF4B-00C04F79EFBC}") = "StudentHousingTM_BLL", "..\StudentHousingTM_BLL\StudentHousingTM_BLL.csproj", "{9FC84386-B9A7-4BEB-B22A-D3CCA8291DB6}"
EndProject
Global
	GlobalSection(SolutionConfigurationPlatforms) = preSolution
		Debug|Any CPU = Debug|Any CPU
		Release|Any CPU = Release|Any CPU
	EndGlobalSection
	GlobalSection(ProjectConfigurationPlatforms) = postSolution
		{A522152F-714D-4D70-ADC6-2EF5CF109F4E}.Debug|Any CPU.ActiveCfg = Debug|Any CPU
		{A522152F-714D-4D70-ADC6-2EF5CF109F4E}.Debug|Any CPU.Build.0 = Debug|Any CPU
		{A522152F-714D-4D70-ADC6-2EF5CF109F4E}.Release|Any CPU.ActiveCfg = Release|Any CPU
		{A522152F-714D-4D70-ADC6-2EF5CF109F4E}.Release|Any CPU.Build.0 = Release|Any CPU
		{BE6DBD5C-F466-4536-A8CB-1FAA9CDB455D}.Debug|Any CPU.ActiveCfg = Debug|Any CPU
		{BE6DBD5C-F466-4536-A8CB-1FAA9CDB455D}.Debug|Any CPU.Build.0 = Debug|Any CPU
		{BE6DBD5C-F466-4536-A8CB-1FAA9CDB455D}.Release|Any CPU.ActiveCfg = Release|Any CPU
		{BE6DBD5C-F466-4536-A8CB-1FAA9CDB455D}.Release|Any CPU.Build.0 = Release|Any CPU
		{9FC84386-B9A7-4BEB-B22A-D3CCA8291DB6}.Debug|Any CPU.ActiveCfg = Debug|Any CPU
		{9FC84386-B9A7-4BEB-B22A-D3CCA8291DB6}.Debug|Any CPU.Build.0 = Debug|Any CPU
		{9FC84386-B9A7-4BEB-B22A-D3CCA8291DB6}.Release|Any CPU.ActiveCfg = Release|Any CPU
		{9FC84386-B9A7-4BEB-B22A-D3CCA8291DB6}.Release|Any CPU.Build.0 = Release|Any CPU
	EndGlobalSection
	GlobalSection(SolutionProperties) = preSolution
		HideSolutionNode = FALSE
	EndGlobalSection
	GlobalSection(ExtensibilityGlobals) = postSolution
		SolutionGuid = {FDCB4FA2-D5F6-4E3F-BDC8-0B84C33900E6}
	EndGlobalSection
EndGlobal
